{
  "name": "p2p-chat",
  "version": "1.0.0",
  "lockfileVersion": 1,
  "requires": true,
  "dependencies": {
    "end-of-stream": {
      "version": "1.4.4",
      "resolved": "https://registry.npmjs.org/end-of-stream/-/end-of-stream-1.4.4.tgz",
      "integrity": "sha512-+uw1inIHVPQoaVuHzRyXd21icM+cnt4CzD5rW+NC1wjOUSTOs+Te7FOv7AhN7vS9x/oIyhLP5PR1H+phQAHu5Q==",
      "requires": {
        "once": "^1.4.0"
      }
    },
    "fully-connected-topology": {
      "version": "1.1.1",
      "resolved": "https://registry.npmjs.org/fully-connected-topology/-/fully-connected-topology-1.1.1.tgz",
      "integrity": "sha1-X0GFZt7j1TP+xDNTdWcYM5yf0J8=",
      "requires": {
        "length-prefixed-message": "^3.0.2",
        "network-address": "^0.0.4",
        "once": "^1.3.0"
      }
    },
    "length-prefixed-message": {
      "version": "3.0.4",
      "resolved": "https://registry.npmjs.org/length-prefixed-message/-/length-prefixed-message-3.0.4.tgz",
      "integrity": "sha512-Tqyx4nggb9nkLD6p4hyIz7UiVNg5u3OnCP2h0hS/HXpheH88rsoNEgNB8xTnpPMw6zWXGZ7Cpg1zhWPlsJ0/TQ==",
      "requires": {
        "varint": "^3.0.1"
      }
    },
    "network-address": {
      "version": "0.0.4",
      "resolved": "https://registry.npmjs.org/network-address/-/network-address-0.0.4.tgz",
      "integrity": "sha1-TceoQAqfusa4RaLHvz8GvPmy7t8="
    },
    "once": {
      "version": "1.4.0",
      "resolved": "https://registry.npmjs.org/once/-/once-1.4.0.tgz",
      "integrity": "sha1-WDsap3WWHUsROsF9nFC6753Xa9E=",
      "requires": {
        "wrappy": "1"
      }
    },
    "stream-set": {
      "version": "1.1.0",
      "resolved": "https://registry.npmjs.org/stream-set/-/stream-set-1.1.0.tgz",
      "integrity": "sha1-7e3GGeE1FxnlX38+FdvmtjGW7h8=",
      "requires": {
        "end-of-stream": "^1.1.0"
      }
    },
    "varint": {
      "version": "3.0.1",
      "resolved": "https://registry.npmjs.org/varint/-/varint-3.0.1.tgz",
      "integrity": "sha1-nT9T4DbAqxIACnS8LSTL8JOlgdk="
    },
    "wrappy": {
      "version": "1.0.2",
      "resolved": "https://registry.npmjs.org/wrappy/-/wrappy-1.0.2.tgz",
      "integrity": "sha1-tSQ9jz7BqjXxNkYFvA0QNuMKtp8="
    }
  }
}
